{
    "_meta": {
        "hash": {
            "sha256": "929a60bbfcc21c39753306a77e488d1b7cdfbb499830a0328cea9cb63ee3f313"
        },
        "pipfile-spec": 6,
        "requires": {
            "python_version": "3.8"
        },
        "sources": [
            {
                "name": "pypi",
                "url": "https://pypi.org/simple",
                "verify_ssl": true
            }
        ]
    },
    "default": {
        "views": {
            "hashes": [
                "sha256:17f60ecbc213d5aaa8f5359973ab8840071123547e1897cae2f6e762b62dcd68"
            ],
            "index": "pypi",
            "version": "==0.3"
        }
    },
    "develop": {}
}
